
Microsoft Visual Studio Solution File, Format Version 12.00
# Visual Studio Version 17
VisualStudioVersion = 17.0.32014.148
MinimumVisualStudioVersion = 10.0.40219.1
Project("{FAE04EC0-301F-11D3-BF4B-00C04F79EFBC}") = "Projeto teste", "Projeto teste\Projeto teste.csproj", "{28759DCF-515C-43D2-9200-371FF462921A}"
EndProject
Global
	GlobalSection(SolutionConfigurationPlatforms) = preSolution
		Debug|Any CPU = Debug|Any CPU
		Release|Any CPU = Release|Any CPU
	EndGlobalSection
	GlobalSection(ProjectConfigurationPlatforms) = postSolution
		{28759DCF-515C-43D2-9200-371FF462921A}.Debug|Any CPU.ActiveCfg = Debug|Any CPU
		{28759DCF-515C-43D2-9200-371FF462921A}.Debug|Any CPU.Build.0 = Debug|Any CPU
		{28759DCF-515C-43D2-9200-371FF462921A}.Release|Any CPU.ActiveCfg = Release|Any CPU
		{28759DCF-515C-43D2-9200-371FF462921A}.Release|Any CPU.Build.0 = Release|Any CPU
	EndGlobalSection
	GlobalSection(SolutionProperties) = preSolution
		HideSolutionNode = FALSE
	EndGlobalSection
	GlobalSection(ExtensibilityGlobals) = postSolution
		SolutionGuid = {8BE8BC63-B101-41EE-A23C-5D18B944DA5B}
	EndGlobalSection
EndGlobal
